
Microsoft Visual Studio Solution File, Format Version 12.00
# Visual Studio Version 16
VisualStudioVersion = 16.0.29403.142
MinimumVisualStudioVersion = 10.0.40219.1
Project("{FAE04EC0-301F-11D3-BF4B-00C04F79EFBC}") = "Computer", "Computer\Computer.csproj", "{E624A36A-283D-49C7-826F-0B84B046E512}"
EndProject
Global
	GlobalSection(SolutionConfigurationPlatforms) = preSolution
		Debug|Any CPU = Debug|Any CPU
		Release|Any CPU = Release|Any CPU
	EndGlobalSection
	GlobalSection(ProjectConfigurationPlatforms) = postSolution
		{E624A36A-283D-49C7-826F-0B84B046E512}.Debug|Any CPU.ActiveCfg = Debug|Any CPU
		{E624A36A-283D-49C7-826F-0B84B046E512}.Debug|Any CPU.Build.0 = Debug|Any CPU
		{E624A36A-283D-49C7-826F-0B84B046E512}.Release|Any CPU.ActiveCfg = Release|Any CPU
		{E624A36A-283D-49C7-826F-0B84B046E512}.Release|Any CPU.Build.0 = Release|Any CPU
	EndGlobalSection
	GlobalSection(SolutionProperties) = preSolution
		HideSolutionNode = FALSE
	EndGlobalSection
	GlobalSection(ExtensibilityGlobals) = postSolution
		SolutionGuid = {4C6C468B-F02E-482A-A847-12C5A0539C70}
	EndGlobalSection
EndGlobal
